
Microsoft Visual Studio Solution File, Format Version 12.00
# Visual Studio 15
VisualStudioVersion = 15.0.28307.572
MinimumVisualStudioVersion = 10.0.40219.1
Project("{9A19103F-16F7-4668-BE54-9A1E7A4F7556}") = "bttCoreLearningStyle", "bttTeamCore\bttCoreLearningStyle.csproj", "{CC67060C-1A57-477F-99FC-126A4881841E}"
EndProject
Global
	GlobalSection(SolutionConfigurationPlatforms) = preSolution
		Debug|Any CPU = Debug|Any CPU
		Release|Any CPU = Release|Any CPU
	EndGlobalSection
	GlobalSection(ProjectConfigurationPlatforms) = postSolution
		{CC67060C-1A57-477F-99FC-126A4881841E}.Debug|Any CPU.ActiveCfg = Debug|Any CPU
		{CC67060C-1A57-477F-99FC-126A4881841E}.Debug|Any CPU.Build.0 = Debug|Any CPU
		{CC67060C-1A57-477F-99FC-126A4881841E}.Release|Any CPU.ActiveCfg = Release|Any CPU
		{CC67060C-1A57-477F-99FC-126A4881841E}.Release|Any CPU.Build.0 = Release|Any CPU
	EndGlobalSection
	GlobalSection(SolutionProperties) = preSolution
		HideSolutionNode = FALSE
	EndGlobalSection
	GlobalSection(ExtensibilityGlobals) = postSolution
		SolutionGuid = {E5C0DB36-5A2C-4A91-98C5-EBB7140001C6}
	EndGlobalSection
EndGlobal
